// !$*UTF8*$!
{
	archiveVersion = 1;
	classes = {
	};
	objectVersion = 55;
	objects = {

/* Begin PBXBuildFile section */
		EB3FB2CA27849BF7007706A7 /* main.cpp in Sources */ = {isa = PBXBuildFile; fileRef = EB3FB2C927849BF7007706A7 /* main.cpp */; };
		EB3FB2DB2784AEDF007706A7 /* Advisorbot.cpp in Sources */ = {isa = PBXBuildFile; fileRef = EB3FB2D92784AEDF007706A7 /* Advisorbot.cpp */; };
		EB3FB2DE2784B36C007706A7 /* CommandParser.cpp in Sources */ = {isa = PBXBuildFile; fileRef = EB3FB2DC2784B36C007706A7 /* CommandParser.cpp */; };
		EB3FB2E227874998007706A7 /* HelpCommand.cpp in Sources */ = {isa = PBXBuildFile; fileRef = EB3FB2E027874998007706A7 /* HelpCommand.cpp */; };
		EB3FB2E5278749AD007706A7 /* ProdCommand.cpp in Sources */ = {isa = PBXBuildFile; fileRef = EB3FB2E3278749AD007706A7 /* ProdCommand.cpp */; };
		EB3FB2E8278749BE007706A7 /* MinCommand.cpp in Sources */ = {isa = PBXBuildFile; fileRef = EB3FB2E6278749BE007706A7 /* MinCommand.cpp */; };
		EB3FB2EB278749D4007706A7 /* MaxCommand.cpp in Sources */ = {isa = PBXBuildFile; fileRef = EB3FB2E9278749D4007706A7 /* MaxCommand.cpp */; };
		EB3FB2EE278749E8007706A7 /* AvgCommand.cpp in Sources */ = {isa = PBXBuildFile; fileRef = EB3FB2EC278749E8007706A7 /* AvgCommand.cpp */; };
		EB3FB2F1278749FD007706A7 /* PredictCommand.cpp in Sources */ = {isa = PBXBuildFile; fileRef = EB3FB2EF278749FD007706A7 /* PredictCommand.cpp */; };
		EB3FB2F427874A0A007706A7 /* TimeCommand.cpp in Sources */ = {isa = PBXBuildFile; fileRef = EB3FB2F227874A0A007706A7 /* TimeCommand.cpp */; };
		EB3FB2F727874A17007706A7 /* StepCommand.cpp in Sources */ = {isa = PBXBuildFile; fileRef = EB3FB2F527874A17007706A7 /* StepCommand.cpp */; };
		EB3FB2FA27889FE0007706A7 /* CSVParser.cpp in Sources */ = {isa = PBXBuildFile; fileRef = EB3FB2F827889FE0007706A7 /* CSVParser.cpp */; };
		EB3FB2FD2788A128007706A7 /* OrderBookEntry.cpp in Sources */ = {isa = PBXBuildFile; fileRef = EB3FB2FB2788A128007706A7 /* OrderBookEntry.cpp */; };
		EB3FB3002788C00F007706A7 /* OrderBook.cpp in Sources */ = {isa = PBXBuildFile; fileRef = EB3FB2FE2788C00F007706A7 /* OrderBook.cpp */; };
		EB3FB303278BD953007706A7 /* TopCommand.cpp in Sources */ = {isa = PBXBuildFile; fileRef = EB3FB301278BD953007706A7 /* TopCommand.cpp */; };
/* End PBXBuildFile section */

/* Begin PBXCopyFilesBuildPhase section */
		EB3FB2C427849BF7007706A7 /* CopyFiles */ = {
			isa = PBXCopyFilesBuildPhase;
			buildActionMask = 2147483647;
			dstPath = /usr/share/man/man1/;
			dstSubfolderSpec = 0;
			files = (
			);
			runOnlyForDeploymentPostprocessing = 1;
		};
/* End PBXCopyFilesBuildPhase section */

/* Begin PBXFileReference section */
		EB3FB2C627849BF7007706A7 /* advisorbot */ = {isa = PBXFileReference; explicitFileType = "compiled.mach-o.executable"; includeInIndex = 0; path = advisorbot; sourceTree = BUILT_PRODUCTS_DIR; };
		EB3FB2C927849BF7007706A7 /* main.cpp */ = {isa = PBXFileReference; lastKnownFileType = sourcecode.cpp.cpp; path = main.cpp; sourceTree = "<group>"; };
		EB3FB2D92784AEDF007706A7 /* Advisorbot.cpp */ = {isa = PBXFileReference; lastKnownFileType = sourcecode.cpp.cpp; path = Advisorbot.cpp; sourceTree = SOURCE_ROOT; };
		EB3FB2DA2784AEDF007706A7 /* Advisorbot.hpp */ = {isa = PBXFileReference; lastKnownFileType = sourcecode.cpp.h; path = Advisorbot.hpp; sourceTree = SOURCE_ROOT; };
		EB3FB2DC2784B36C007706A7 /* CommandParser.cpp */ = {isa = PBXFileReference; lastKnownFileType = sourcecode.cpp.cpp; path = CommandParser.cpp; sourceTree = SOURCE_ROOT; };
		EB3FB2DD2784B36C007706A7 /* CommandParser.hpp */ = {isa = PBXFileReference; lastKnownFileType = sourcecode.cpp.h; path = CommandParser.hpp; sourceTree = SOURCE_ROOT; };
		EB3FB2DF27871ABD007706A7 /* Command.hpp */ = {isa = PBXFileReference; lastKnownFileType = sourcecode.cpp.h; path = Command.hpp; sourceTree = SOURCE_ROOT; };
		EB3FB2E027874998007706A7 /* HelpCommand.cpp */ = {isa = PBXFileReference; lastKnownFileType = sourcecode.cpp.cpp; path = HelpCommand.cpp; sourceTree = SOURCE_ROOT; };
		EB3FB2E127874998007706A7 /* HelpCommand.hpp */ = {isa = PBXFileReference; lastKnownFileType = sourcecode.cpp.h; path = HelpCommand.hpp; sourceTree = SOURCE_ROOT; };
		EB3FB2E3278749AD007706A7 /* ProdCommand.cpp */ = {isa = PBXFileReference; lastKnownFileType = sourcecode.cpp.cpp; path = ProdCommand.cpp; sourceTree = SOURCE_ROOT; };
		EB3FB2E4278749AD007706A7 /* ProdCommand.hpp */ = {isa = PBXFileReference; lastKnownFileType = sourcecode.cpp.h; path = ProdCommand.hpp; sourceTree = SOURCE_ROOT; };
		EB3FB2E6278749BE007706A7 /* MinCommand.cpp */ = {isa = PBXFileReference; lastKnownFileType = sourcecode.cpp.cpp; path = MinCommand.cpp; sourceTree = SOURCE_ROOT; };
		EB3FB2E7278749BE007706A7 /* MinCommand.hpp */ = {isa = PBXFileReference; lastKnownFileType = sourcecode.cpp.h; path = MinCommand.hpp; sourceTree = SOURCE_ROOT; };
		EB3FB2E9278749D4007706A7 /* MaxCommand.cpp */ = {isa = PBXFileReference; lastKnownFileType = sourcecode.cpp.cpp; path = MaxCommand.cpp; sourceTree = SOURCE_ROOT; };
		EB3FB2EA278749D4007706A7 /* MaxCommand.hpp */ = {isa = PBXFileReference; lastKnownFileType = sourcecode.cpp.h; path = MaxCommand.hpp; sourceTree = SOURCE_ROOT; };
		EB3FB2EC278749E8007706A7 /* AvgCommand.cpp */ = {isa = PBXFileReference; lastKnownFileType = sourcecode.cpp.cpp; path = AvgCommand.cpp; sourceTree = SOURCE_ROOT; };
		EB3FB2ED278749E8007706A7 /* AvgCommand.hpp */ = {isa = PBXFileReference; lastKnownFileType = sourcecode.cpp.h; path = AvgCommand.hpp; sourceTree = SOURCE_ROOT; };
		EB3FB2EF278749FD007706A7 /* PredictCommand.cpp */ = {isa = PBXFileReference; lastKnownFileType = sourcecode.cpp.cpp; path = PredictCommand.cpp; sourceTree = SOURCE_ROOT; };
		EB3FB2F0278749FD007706A7 /* PredictCommand.hpp */ = {isa = PBXFileReference; lastKnownFileType = sourcecode.cpp.h; path = PredictCommand.hpp; sourceTree = SOURCE_ROOT; };
		EB3FB2F227874A0A007706A7 /* TimeCommand.cpp */ = {isa = PBXFileReference; lastKnownFileType = sourcecode.cpp.cpp; path = TimeCommand.cpp; sourceTree = SOURCE_ROOT; };
		EB3FB2F327874A0A007706A7 /* TimeCommand.hpp */ = {isa = PBXFileReference; lastKnownFileType = sourcecode.cpp.h; path = TimeCommand.hpp; sourceTree = SOURCE_ROOT; };
		EB3FB2F527874A17007706A7 /* StepCommand.cpp */ = {isa = PBXFileReference; lastKnownFileType = sourcecode.cpp.cpp; path = StepCommand.cpp; sourceTree = SOURCE_ROOT; };
		EB3FB2F627874A17007706A7 /* StepCommand.hpp */ = {isa = PBXFileReference; lastKnownFileType = sourcecode.cpp.h; path = StepCommand.hpp; sourceTree = SOURCE_ROOT; };
		EB3FB2F827889FE0007706A7 /* CSVParser.cpp */ = {isa = PBXFileReference; lastKnownFileType = sourcecode.cpp.cpp; path = CSVParser.cpp; sourceTree = SOURCE_ROOT; };
		EB3FB2F927889FE0007706A7 /* CSVParser.hpp */ = {isa = PBXFileReference; lastKnownFileType = sourcecode.cpp.h; path = CSVParser.hpp; sourceTree = SOURCE_ROOT; };
		EB3FB2FB2788A128007706A7 /* OrderBookEntry.cpp */ = {isa = PBXFileReference; lastKnownFileType = sourcecode.cpp.cpp; path = OrderBookEntry.cpp; sourceTree = SOURCE_ROOT; };
		EB3FB2FC2788A128007706A7 /* OrderBookEntry.hpp */ = {isa = PBXFileReference; lastKnownFileType = sourcecode.cpp.h; path = OrderBookEntry.hpp; sourceTree = SOURCE_ROOT; };
		EB3FB2FE2788C00F007706A7 /* OrderBook.cpp */ = {isa = PBXFileReference; lastKnownFileType = sourcecode.cpp.cpp; path = OrderBook.cpp; sourceTree = SOURCE_ROOT; };
		EB3FB2FF2788C00F007706A7 /* OrderBook.hpp */ = {isa = PBXFileReference; lastKnownFileType = sourcecode.cpp.h; path = OrderBook.hpp; sourceTree = SOURCE_ROOT; };
		EB3FB301278BD953007706A7 /* TopCommand.cpp */ = {isa = PBXFileReference; lastKnownFileType = sourcecode.cpp.cpp; path = TopCommand.cpp; sourceTree = SOURCE_ROOT; };
		EB3FB302278BD953007706A7 /* TopCommand.hpp */ = {isa = PBXFileReference; lastKnownFileType = sourcecode.cpp.h; path = TopCommand.hpp; sourceTree = SOURCE_ROOT; };
/* End PBXFileReference section */

/* Begin PBXFrameworksBuildPhase section */
		EB3FB2C327849BF7007706A7 /* Frameworks */ = {
			isa = PBXFrameworksBuildPhase;
			buildActionMask = 2147483647;
			files = (
			);
			runOnlyForDeploymentPostprocessing = 0;
		};
/* End PBXFrameworksBuildPhase section */

/* Begin PBXGroup section */
		EB3FB2BD27849BF7007706A7 = {
			isa = PBXGroup;
			children = (
				EB3FB2C827849BF7007706A7 /* advisorbot */,
				EB3FB2C727849BF7007706A7 /* Products */,
			);
			sourceTree = "<group>";
		};
		EB3FB2C727849BF7007706A7 /* Products */ = {
			isa = PBXGroup;
			children = (
				EB3FB2C627849BF7007706A7 /* advisorbot */,
			);
			name = Products;
			sourceTree = "<group>";
		};
		EB3FB2C827849BF7007706A7 /* advisorbot */ = {
			isa = PBXGroup;
			children = (
				EB3FB301278BD953007706A7 /* TopCommand.cpp */,
				EB3FB302278BD953007706A7 /* TopCommand.hpp */,
				EB3FB2FE2788C00F007706A7 /* OrderBook.cpp */,
				EB3FB2FF2788C00F007706A7 /* OrderBook.hpp */,
				EB3FB2FB2788A128007706A7 /* OrderBookEntry.cpp */,
				EB3FB2FC2788A128007706A7 /* OrderBookEntry.hpp */,
				EB3FB2F827889FE0007706A7 /* CSVParser.cpp */,
				EB3FB2F927889FE0007706A7 /* CSVParser.hpp */,
				EB3FB2F527874A17007706A7 /* StepCommand.cpp */,
				EB3FB2F627874A17007706A7 /* StepCommand.hpp */,
				EB3FB2F227874A0A007706A7 /* TimeCommand.cpp */,
				EB3FB2F327874A0A007706A7 /* TimeCommand.hpp */,
				EB3FB2EF278749FD007706A7 /* PredictCommand.cpp */,
				EB3FB2F0278749FD007706A7 /* PredictCommand.hpp */,
				EB3FB2EC278749E8007706A7 /* AvgCommand.cpp */,
				EB3FB2ED278749E8007706A7 /* AvgCommand.hpp */,
				EB3FB2E9278749D4007706A7 /* MaxCommand.cpp */,
				EB3FB2EA278749D4007706A7 /* MaxCommand.hpp */,
				EB3FB2E6278749BE007706A7 /* MinCommand.cpp */,
				EB3FB2E7278749BE007706A7 /* MinCommand.hpp */,
				EB3FB2E3278749AD007706A7 /* ProdCommand.cpp */,
				EB3FB2E4278749AD007706A7 /* ProdCommand.hpp */,
				EB3FB2E027874998007706A7 /* HelpCommand.cpp */,
				EB3FB2E127874998007706A7 /* HelpCommand.hpp */,
				EB3FB2DF27871ABD007706A7 /* Command.hpp */,
				EB3FB2DC2784B36C007706A7 /* CommandParser.cpp */,
				EB3FB2DD2784B36C007706A7 /* CommandParser.hpp */,
				EB3FB2D92784AEDF007706A7 /* Advisorbot.cpp */,
				EB3FB2DA2784AEDF007706A7 /* Advisorbot.hpp */,
				EB3FB2C927849BF7007706A7 /* main.cpp */,
			);
			path = advisorbot;
			sourceTree = "<group>";
		};
/* End PBXGroup section */

/* Begin PBXNativeTarget section */
		EB3FB2C527849BF7007706A7 /* advisorbot */ = {
			isa = PBXNativeTarget;
			buildConfigurationList = EB3FB2CD27849BF7007706A7 /* Build configuration list for PBXNativeTarget "advisorbot" */;
			buildPhases = (
				EB3FB2C227849BF7007706A7 /* Sources */,
				EB3FB2C327849BF7007706A7 /* Frameworks */,
				EB3FB2C427849BF7007706A7 /* CopyFiles */,
			);
			buildRules = (
			);
			dependencies = (
			);
			name = advisorbot;
			productName = advisorbot;
			productReference = EB3FB2C627849BF7007706A7 /* advisorbot */;
			productType = "com.apple.product-type.tool";
		};
/* End PBXNativeTarget section */

/* Begin PBXProject section */
		EB3FB2BE27849BF7007706A7 /* Project object */ = {
			isa = PBXProject;
			attributes = {
				BuildIndependentTargetsInParallel = 1;
				LastUpgradeCheck = 1320;
				TargetAttributes = {
					EB3FB2C527849BF7007706A7 = {
						CreatedOnToolsVersion = 13.2.1;
					};
				};
			};
			buildConfigurationList = EB3FB2C127849BF7007706A7 /* Build configuration list for PBXProject "advisorbot" */;
			compatibilityVersion = "Xcode 13.0";
			developmentRegion = en;
			hasScannedForEncodings = 0;
			knownRegions = (
				en,
				Base,
			);
			mainGroup = EB3FB2BD27849BF7007706A7;
			productRefGroup = EB3FB2C727849BF7007706A7 /* Products */;
			projectDirPath = "";
			projectRoot = "";
			targets = (
				EB3FB2C527849BF7007706A7 /* advisorbot */,
			);
		};
/* End PBXProject section */

/* Begin PBXSourcesBuildPhase section */
		EB3FB2C227849BF7007706A7 /* Sources */ = {
			isa = PBXSourcesBuildPhase;
			buildActionMask = 2147483647;
			files = (
				EB3FB2E8278749BE007706A7 /* MinCommand.cpp in Sources */,
				EB3FB3002788C00F007706A7 /* OrderBook.cpp in Sources */,
				EB3FB2E227874998007706A7 /* HelpCommand.cpp in Sources */,
				EB3FB2F427874A0A007706A7 /* TimeCommand.cpp in Sources */,
				EB3FB2DB2784AEDF007706A7 /* Advisorbot.cpp in Sources */,
				EB3FB2FD2788A128007706A7 /* OrderBookEntry.cpp in Sources */,
				EB3FB2DE2784B36C007706A7 /* CommandParser.cpp in Sources */,
				EB3FB2EE278749E8007706A7 /* AvgCommand.cpp in Sources */,
				EB3FB2CA27849BF7007706A7 /* main.cpp in Sources */,
				EB3FB2FA27889FE0007706A7 /* CSVParser.cpp in Sources */,
				EB3FB2F1278749FD007706A7 /* PredictCommand.cpp in Sources */,
				EB3FB303278BD953007706A7 /* TopCommand.cpp in Sources */,
				EB3FB2E5278749AD007706A7 /* ProdCommand.cpp in Sources */,
				EB3FB2EB278749D4007706A7 /* MaxCommand.cpp in Sources */,
				EB3FB2F727874A17007706A7 /* StepCommand.cpp in Sources */,
			);
			runOnlyForDeploymentPostprocessing = 0;
		};
/* End PBXSourcesBuildPhase section */

/* Begin XCBuildConfiguration section */
		EB3FB2CB27849BF7007706A7 /* Debug */ = {
			isa = XCBuildConfiguration;
			buildSettings = {
				ALWAYS_SEARCH_USER_PATHS = NO;
				CLANG_ANALYZER_NONNULL = YES;
				CLANG_ANALYZER_NUMBER_OBJECT_CONVERSION = YES_AGGRESSIVE;
				CLANG_CXX_LANGUAGE_STANDARD = "gnu++17";
				CLANG_CXX_LIBRARY = "libc++";
				CLANG_ENABLE_MODULES = YES;
				CLANG_ENABLE_OBJC_ARC = YES;
				CLANG_ENABLE_OBJC_WEAK = YES;
				CLANG_WARN_BLOCK_CAPTURE_AUTORELEASING = YES;
				CLANG_WARN_BOOL_CONVERSION = YES;
				CLANG_WARN_COMMA = YES;
				CLANG_WARN_CONSTANT_CONVERSION = YES;
				CLANG_WARN_DEPRECATED_OBJC_IMPLEMENTATIONS = YES;
				CLANG_WARN_DIRECT_OBJC_ISA_USAGE = YES_ERROR;
				CLANG_WARN_DOCUMENTATION_COMMENTS = YES;
				CLANG_WARN_EMPTY_BODY = YES;
				CLANG_WARN_ENUM_CONVERSION = YES;
				CLANG_WARN_INFINITE_RECURSION = YES;
				CLANG_WARN_INT_CONVERSION = YES;
				CLANG_WARN_NON_LITERAL_NULL_CONVERSION = YES;
				CLANG_WARN_OBJC_IMPLICIT_RETAIN_SELF = YES;
				CLANG_WARN_OBJC_LITERAL_CONVERSION = YES;
				CLANG_WARN_OBJC_ROOT_CLASS = YES_ERROR;
				CLANG_WARN_QUOTED_INCLUDE_IN_FRAMEWORK_HEADER = YES;
				CLANG_WARN_RANGE_LOOP_ANALYSIS = YES;
				CLANG_WARN_STRICT_PROTOTYPES = YES;
				CLANG_WARN_SUSPICIOUS_MOVE = YES;
				CLANG_WARN_UNGUARDED_AVAILABILITY = YES_AGGRESSIVE;
				CLANG_WARN_UNREACHABLE_CODE = YES;
				CLANG_WARN__DUPLICATE_METHOD_MATCH = YES;
				COPY_PHASE_STRIP = NO;
				DEBUG_INFORMATION_FORMAT = dwarf;
				ENABLE_STRICT_OBJC_MSGSEND = YES;
				ENABLE_TESTABILITY = YES;
				GCC_C_LANGUAGE_STANDARD = gnu11;
				GCC_DYNAMIC_NO_PIC = NO;
				GCC_NO_COMMON_BLOCKS = YES;
				GCC_OPTIMIZATION_LEVEL = 0;
				GCC_PREPROCESSOR_DEFINITIONS = (
					"DEBUG=1",
					"$(inherited)",
				);
				GCC_WARN_64_TO_32_BIT_CONVERSION = YES;
				GCC_WARN_ABOUT_RETURN_TYPE = YES_ERROR;
				GCC_WARN_UNDECLARED_SELECTOR = YES;
				GCC_WARN_UNINITIALIZED_AUTOS = YES_AGGRESSIVE;
				GCC_WARN_UNUSED_FUNCTION = YES;
				GCC_WARN_UNUSED_VARIABLE = YES;
				MACOSX_DEPLOYMENT_TARGET = 12.0;
				MTL_ENABLE_DEBUG_INFO = INCLUDE_SOURCE;
				MTL_FAST_MATH = YES;
				ONLY_ACTIVE_ARCH = YES;
				SDKROOT = macosx;
			};
			name = Debug;
		};
		EB3FB2CC27849BF7007706A7 /* Release */ = {
			isa = XCBuildConfiguration;
			buildSettings = {
				ALWAYS_SEARCH_USER_PATHS = NO;
				CLANG_ANALYZER_NONNULL = YES;
				CLANG_ANALYZER_NUMBER_OBJECT_CONVERSION = YES_AGGRESSIVE;
				CLANG_CXX_LANGUAGE_STANDARD = "gnu++17";
				CLANG_CXX_LIBRARY = "libc++";
				CLANG_ENABLE_MODULES = YES;
				CLANG_ENABLE_OBJC_ARC = YES;
				CLANG_ENABLE_OBJC_WEAK = YES;
				CLANG_WARN_BLOCK_CAPTURE_AUTORELEASING = YES;
				CLANG_WARN_BOOL_CONVERSION = YES;
				CLANG_WARN_COMMA = YES;
				CLANG_WARN_CONSTANT_CONVERSION = YES;
				CLANG_WARN_DEPRECATED_OBJC_IMPLEMENTATIONS = YES;
				CLANG_WARN_DIRECT_OBJC_ISA_USAGE = YES_ERROR;
				CLANG_WARN_DOCUMENTATION_COMMENTS = YES;
				CLANG_WARN_EMPTY_BODY = YES;
				CLANG_WARN_ENUM_CONVERSION = YES;
				CLANG_WARN_INFINITE_RECURSION = YES;
				CLANG_WARN_INT_CONVERSION = YES;
				CLANG_WARN_NON_LITERAL_NULL_CONVERSION = YES;
				CLANG_WARN_OBJC_IMPLICIT_RETAIN_SELF = YES;
				CLANG_WARN_OBJC_LITERAL_CONVERSION = YES;
				CLANG_WARN_OBJC_ROOT_CLASS = YES_ERROR;
				CLANG_WARN_QUOTED_INCLUDE_IN_FRAMEWORK_HEADER = YES;
				CLANG_WARN_RANGE_LOOP_ANALYSIS = YES;
				CLANG_WARN_STRICT_PROTOTYPES = YES;
				CLANG_WARN_SUSPICIOUS_MOVE = YES;
				CLANG_WARN_UNGUARDED_AVAILABILITY = YES_AGGRESSIVE;
				CLANG_WARN_UNREACHABLE_CODE = YES;
				CLANG_WARN__DUPLICATE_METHOD_MATCH = YES;
				COPY_PHASE_STRIP = NO;
				DEBUG_INFORMATION_FORMAT = "dwarf-with-dsym";
				ENABLE_NS_ASSERTIONS = NO;
				ENABLE_STRICT_OBJC_MSGSEND = YES;
				GCC_C_LANGUAGE_STANDARD = gnu11;
				GCC_NO_COMMON_BLOCKS = YES;
				GCC_WARN_64_TO_32_BIT_CONVERSION = YES;
				GCC_WARN_ABOUT_RETURN_TYPE = YES_ERROR;
				GCC_WARN_UNDECLARED_SELECTOR = YES;
				GCC_WARN_UNINITIALIZED_AUTOS = YES_AGGRESSIVE;
				GCC_WARN_UNUSED_FUNCTION = YES;
				GCC_WARN_UNUSED_VARIABLE = YES;
				MACOSX_DEPLOYMENT_TARGET = 12.0;
				MTL_ENABLE_DEBUG_INFO = NO;
				MTL_FAST_MATH = YES;
				SDKROOT = macosx;
			};
			name = Release;
		};
		EB3FB2CE27849BF7007706A7 /* Debug */ = {
			isa = XCBuildConfiguration;
			buildSettings = {
				CODE_SIGN_STYLE = Automatic;
				DEVELOPMENT_TEAM = U7TA9529Y5;
				ENABLE_HARDENED_RUNTIME = YES;
				PRODUCT_NAME = "$(TARGET_NAME)";
			};
			name = Debug;
		};
		EB3FB2CF27849BF7007706A7 /* Release */ = {
			isa = XCBuildConfiguration;
			buildSettings = {
				CODE_SIGN_STYLE = Automatic;
				DEVELOPMENT_TEAM = U7TA9529Y5;
				ENABLE_HARDENED_RUNTIME = YES;
				PRODUCT_NAME = "$(TARGET_NAME)";
			};
			name = Release;
		};
/* End XCBuildConfiguration section */

/* Begin XCConfigurationList section */
		EB3FB2C127849BF7007706A7 /* Build configuration list for PBXProject "advisorbot" */ = {
			isa = XCConfigurationList;
			buildConfigurations = (
				EB3FB2CB27849BF7007706A7 /* Debug */,
				EB3FB2CC27849BF7007706A7 /* Release */,
			);
			defaultConfigurationIsVisible = 0;
			defaultConfigurationName = Release;
		};
		EB3FB2CD27849BF7007706A7 /* Build configuration list for PBXNativeTarget "advisorbot" */ = {
			isa = XCConfigurationList;
			buildConfigurations = (
				EB3FB2CE27849BF7007706A7 /* Debug */,
				EB3FB2CF27849BF7007706A7 /* Release */,
			);
			defaultConfigurationIsVisible = 0;
			defaultConfigurationName = Release;
		};
/* End XCConfigurationList section */
	};
	rootObject = EB3FB2BE27849BF7007706A7 /* Project object */;
}
